
Microsoft Visual Studio Solution File, Format Version 12.00
# Visual Studio Version 17
VisualStudioVersion = 17.14.35906.104 d17.14
MinimumVisualStudioVersion = 10.0.40219.1
Project("{FAE04EC0-301F-11D3-BF4B-00C04F79EFBC}") = "ConsoleApp30", "ConsoleApp30\ConsoleApp30.csproj", "{E42A5B63-36B4-4670-8D9F-C39BA5C703F2}"
EndProject
Global
	GlobalSection(SolutionConfigurationPlatforms) = preSolution
		Debug|Any CPU = Debug|Any CPU
		Release|Any CPU = Release|Any CPU
	EndGlobalSection
	GlobalSection(ProjectConfigurationPlatforms) = postSolution
		{E42A5B63-36B4-4670-8D9F-C39BA5C703F2}.Debug|Any CPU.ActiveCfg = Debug|Any CPU
		{E42A5B63-36B4-4670-8D9F-C39BA5C703F2}.Debug|Any CPU.Build.0 = Debug|Any CPU
		{E42A5B63-36B4-4670-8D9F-C39BA5C703F2}.Release|Any CPU.ActiveCfg = Release|Any CPU
		{E42A5B63-36B4-4670-8D9F-C39BA5C703F2}.Release|Any CPU.Build.0 = Release|Any CPU
	EndGlobalSection
	GlobalSection(SolutionProperties) = preSolution
		HideSolutionNode = FALSE
	EndGlobalSection
	GlobalSection(ExtensibilityGlobals) = postSolution
		SolutionGuid = {89EA9021-411B-482A-AEA0-88835AB3471B}
	EndGlobalSection
EndGlobal
